
Microsoft Visual Studio Solution File, Format Version 12.00
# Visual Studio 14
VisualStudioVersion = 14.0.23107.0
MinimumVisualStudioVersion = 10.0.40219.1
Project("{8BC9CEB8-8B4A-11D0-8D11-00A0C91BC942}") = "libaika", "libaika\libaika.vcxproj", "{13261AE7-021B-4AB6-9570-5DBA0CF209FF}"
EndProject
Project("{8BC9CEB8-8B4A-11D0-8D11-00A0C91BC942}") = "test_timer", "test_timer\test_timer.vcxproj", "{61663771-53B1-4142-8A5D-1287CF16ECF9}"
EndProject
Global
	GlobalSection(SolutionConfigurationPlatforms) = preSolution
		Debug|x64 = Debug|x64
		Debug|x86 = Debug|x86
		Release|x64 = Release|x64
		Release|x86 = Release|x86
	EndGlobalSection
	GlobalSection(ProjectConfigurationPlatforms) = postSolution
		{13261AE7-021B-4AB6-9570-5DBA0CF209FF}.Debug|x64.ActiveCfg = Debug|x64
		{13261AE7-021B-4AB6-9570-5DBA0CF209FF}.Debug|x64.Build.0 = Debug|x64
		{13261AE7-021B-4AB6-9570-5DBA0CF209FF}.Debug|x86.ActiveCfg = Debug|Win32
		{13261AE7-021B-4AB6-9570-5DBA0CF209FF}.Debug|x86.Build.0 = Debug|Win32
		{13261AE7-021B-4AB6-9570-5DBA0CF209FF}.Release|x64.ActiveCfg = Release|x64
		{13261AE7-021B-4AB6-9570-5DBA0CF209FF}.Release|x64.Build.0 = Release|x64
		{13261AE7-021B-4AB6-9570-5DBA0CF209FF}.Release|x86.ActiveCfg = Release|Win32
		{13261AE7-021B-4AB6-9570-5DBA0CF209FF}.Release|x86.Build.0 = Release|Win32
		{61663771-53B1-4142-8A5D-1287CF16ECF9}.Debug|x64.ActiveCfg = Debug|x64
		{61663771-53B1-4142-8A5D-1287CF16ECF9}.Debug|x64.Build.0 = Debug|x64
		{61663771-53B1-4142-8A5D-1287CF16ECF9}.Debug|x86.ActiveCfg = Debug|Win32
		{61663771-53B1-4142-8A5D-1287CF16ECF9}.Debug|x86.Build.0 = Debug|Win32
		{61663771-53B1-4142-8A5D-1287CF16ECF9}.Release|x64.ActiveCfg = Release|x64
		{61663771-53B1-4142-8A5D-1287CF16ECF9}.Release|x64.Build.0 = Release|x64
		{61663771-53B1-4142-8A5D-1287CF16ECF9}.Release|x86.ActiveCfg = Release|Win32
		{61663771-53B1-4142-8A5D-1287CF16ECF9}.Release|x86.Build.0 = Release|Win32
	EndGlobalSection
	GlobalSection(SolutionProperties) = preSolution
		HideSolutionNode = FALSE
	EndGlobalSection
EndGlobal
